# Run ./gradlew --write-locks to regenerate this file
com.auth0:java-jwt:3.18.3 (3 constraints: 6d253c2c)
com.fasterxml.jackson:jackson-bom:2.13.1 (11 constraints: 64e28a39)
com.fasterxml.jackson.core:jackson-annotations:2.13.1 (8 constraints: 8e8b14d0)
com.fasterxml.jackson.core:jackson-core:2.13.1 (13 constraints: e107813a)
com.fasterxml.jackson.core:jackson-databind:2.13.1 (17 constraints: df569ec7)
com.fasterxml.jackson.dataformat:jackson-dataformat-cbor:2.13.1 (2 constraints: 362bfe86)
com.fasterxml.jackson.dataformat:jackson-dataformat-smile:2.13.1 (2 constraints: 362bfe86)
com.fasterxml.jackson.dataformat:jackson-dataformat-yaml:2.13.1 (3 constraints: d82e2cbe)
com.fasterxml.jackson.datatype:jackson-datatype-guava:2.13.1 (4 constraints: 574b2aa9)
com.fasterxml.jackson.datatype:jackson-datatype-jdk8:2.13.1 (4 constraints: 574b2aa9)
com.fasterxml.jackson.datatype:jackson-datatype-joda:2.13.1 (2 constraints: 362bfe86)
com.fasterxml.jackson.datatype:jackson-datatype-jsr310:2.13.1 (4 constraints: 574b2aa9)
com.fasterxml.jackson.module:jackson-module-afterburner:2.13.1 (2 constraints: 522bf988)
com.github.ben-manes.caffeine:caffeine:3.0.5 (6 constraints: b34f235f)
com.google.code.findbugs:jsr305:3.0.2 (8 constraints: 1e72b566)
com.google.errorprone:error_prone_annotations:2.11.0 (13 constraints: 2fc2f9a3)
com.google.guava:failureaccess:1.0.1 (7 constraints: 72624d7d)
com.google.guava:guava:31.0.1-jre (10 constraints: 00ade49e)
com.google.guava:listenablefuture:9999.0-empty-to-avoid-conflict-with-guava (7 constraints: 11c21c93)
com.google.j2objc:j2objc-annotations:1.3 (7 constraints: ee5f1156)
com.jakewharton.nopen:nopen-annotations:1.0.1 (5 constraints: 34455f35)
com.markelliot.barista:barista:0.4.1 (1 constraints: 0705f835)
com.markelliot.barista:barista-annotations:0.4.1 (1 constraints: 0705f835)
com.markelliot.barista.tracing:barista-tracing:0.3.0 (3 constraints: be2406cf)
com.markelliot.result:result:0.2.3 (3 constraints: c42420d0)
com.palantir.conjure.java:conjure-java-undertow-runtime:6.31.0 (1 constraints: 3c05523b)
com.palantir.conjure.java:conjure-lib:6.31.0 (2 constraints: 021969c2)
com.palantir.conjure.java:conjure-undertow-lib:6.31.0 (2 constraints: 9e1cccc6)
com.palantir.conjure.java.api:errors:2.24.0 (1 constraints: 20109aa9)
com.palantir.conjure.java.runtime:conjure-java-jackson-optimizations:7.27.0 (1 constraints: 861cc7a4)
com.palantir.conjure.java.runtime:conjure-java-jackson-serialization:7.27.0 (1 constraints: 69178437)
com.palantir.ri:resource-identifier:2.3.0 (1 constraints: ed0f7399)
com.palantir.safe-logging:logger:1.22.0 (5 constraints: cc5081eb)
com.palantir.safe-logging:logger-slf4j:1.22.0 (5 constraints: 9e472bfe)
com.palantir.safe-logging:logger-spi:1.22.0 (6 constraints: dd57b207)
com.palantir.safe-logging:preconditions:1.22.0 (7 constraints: ca75bd7d)
com.palantir.safe-logging:safe-logging:1.22.0 (8 constraints: 3c787298)
com.palantir.tokens:auth-tokens:3.11.0 (1 constraints: 1d1093a9)
com.palantir.tracing:tracing:6.8.0 (2 constraints: 571ead69)
com.palantir.tracing:tracing-api:6.8.0 (2 constraints: f01c59ed)
com.palantir.tracing:tracing-undertow:6.8.0 (3 constraints: e831f987)
io.undertow:undertow-core:2.2.16.Final (7 constraints: 1c73f7c2)
jakarta.annotation:jakarta.annotation-api:1.3.5 (5 constraints: b4483678)
jakarta.ws.rs:jakarta.ws.rs-api:2.1.6 (5 constraints: b4483678)
joda-time:joda-time:2.10.8 (1 constraints: 2e16acf1)
org.apache.logging.log4j:log4j-api:2.17.1 (5 constraints: 1c4ea7b6)
org.apache.logging.log4j:log4j-core:2.17.1 (3 constraints: 00315b56)
org.apache.logging.log4j:log4j-jul:2.17.1 (2 constraints: 2a20bd0e)
org.apache.logging.log4j:log4j-slf4j-impl:2.17.1 (2 constraints: 2a20bd0e)
org.checkerframework:checker-qual:3.19.0 (8 constraints: 3374c1ec)
org.immutables:value:2.9.0 (5 constraints: df3d0d20)
org.jboss.logging:jboss-logging:3.4.1.Final (8 constraints: 14868214)
org.jboss.threads:jboss-threads:3.1.0.Final (4 constraints: 413e4b9e)
org.jboss.xnio:xnio-api:3.8.6.Final (7 constraints: bd6fa8a9)
org.jboss.xnio:xnio-nio:3.8.6.Final (6 constraints: 0f63fcea)
org.slf4j:slf4j-api:1.7.36 (9 constraints: 5c9268e2)
org.wildfly.client:wildfly-client-config:1.0.1.Final (3 constraints: 7b30c7c5)
org.wildfly.common:wildfly-common:1.5.4.Final (4 constraints: 6b40e52a)
org.yaml:snakeyaml:1.28 (3 constraints: e036b1d8)

[Test dependencies]
org.assertj:assertj-core:3.22.0 (1 constraints: 39053f3b)
org.junit:junit-bom:5.8.2 (5 constraints: 9b4843a6)
org.junit.jupiter:junit-jupiter-api:5.8.2 (2 constraints: c419c1f4)
org.junit.jupiter:junit-jupiter-engine:5.8.2 (2 constraints: 260e7a59)
org.junit.platform:junit-platform-commons:1.8.2 (3 constraints: ee29ed2b)
org.junit.platform:junit-platform-engine:1.8.2 (2 constraints: bc19ddf3)
org.opentest4j:opentest4j:1.2.0 (2 constraints: cd205b49)
